
Microsoft Visual Studio Solution File, Format Version 12.00
# Visual Studio Version 17
VisualStudioVersion = 17.0.31903.59
MinimumVisualStudioVersion = 10.0.40219.1
Project("{FAE04EC0-301F-11D3-BF4B-00C04F79EFBC}") = "UFO", "UFO\UFO.csproj", "{ABE701EA-7487-4336-81BA-56984EA20FE3}"
EndProject
Project("{FAE04EC0-301F-11D3-BF4B-00C04F79EFBC}") = "UFO.Tests", "UFO.Tests\UFO.Tests.csproj", "{6EA122E8-B2FB-431F-BF13-5609FFEBB790}"
EndProject
Project("{2150E333-8FDC-42A3-9474-1A3956D46DE8}") = "UFO.DLL.AWS", "UFO.DLL.AWS", "{A75EC3A1-F25C-516E-9B92-B074629AD3FB}"
EndProject
Project("{FAE04EC0-301F-11D3-BF4B-00C04F79EFBC}") = "AWS", "UFO.DLL.AWS\AWS.csproj", "{C5837C86-C7E8-4011-AAE6-F86E682A6163}"
EndProject
Project("{2150E333-8FDC-42A3-9474-1A3956D46DE8}") = "UFO.DLL.HTTP", "UFO.DLL.HTTP", "{BFB1D84E-CCB4-EDEE-8A0C-9848E6B7D4D1}"
EndProject
Project("{FAE04EC0-301F-11D3-BF4B-00C04F79EFBC}") = "HTTP", "UFO.DLL.HTTP\HTTP.csproj", "{B8E6F20E-5D9D-47DB-995D-D07C6A2D0192}"
EndProject
Global
	GlobalSection(SolutionConfigurationPlatforms) = preSolution
		Debug|Any CPU = Debug|Any CPU
		Debug|x64 = Debug|x64
		Debug|x86 = Debug|x86
		Release|Any CPU = Release|Any CPU
		Release|x64 = Release|x64
		Release|x86 = Release|x86
	EndGlobalSection
	GlobalSection(ProjectConfigurationPlatforms) = postSolution
		{ABE701EA-7487-4336-81BA-56984EA20FE3}.Debug|Any CPU.ActiveCfg = Debug|Any CPU
		{ABE701EA-7487-4336-81BA-56984EA20FE3}.Debug|Any CPU.Build.0 = Debug|Any CPU
		{ABE701EA-7487-4336-81BA-56984EA20FE3}.Debug|x64.ActiveCfg = Debug|Any CPU
		{ABE701EA-7487-4336-81BA-56984EA20FE3}.Debug|x64.Build.0 = Debug|Any CPU
		{ABE701EA-7487-4336-81BA-56984EA20FE3}.Debug|x86.ActiveCfg = Debug|Any CPU
		{ABE701EA-7487-4336-81BA-56984EA20FE3}.Debug|x86.Build.0 = Debug|Any CPU
		{ABE701EA-7487-4336-81BA-56984EA20FE3}.Release|Any CPU.ActiveCfg = Release|Any CPU
		{ABE701EA-7487-4336-81BA-56984EA20FE3}.Release|Any CPU.Build.0 = Release|Any CPU
		{ABE701EA-7487-4336-81BA-56984EA20FE3}.Release|x64.ActiveCfg = Release|Any CPU
		{ABE701EA-7487-4336-81BA-56984EA20FE3}.Release|x64.Build.0 = Release|Any CPU
		{ABE701EA-7487-4336-81BA-56984EA20FE3}.Release|x86.ActiveCfg = Release|Any CPU
		{ABE701EA-7487-4336-81BA-56984EA20FE3}.Release|x86.Build.0 = Release|Any CPU
		{6EA122E8-B2FB-431F-BF13-5609FFEBB790}.Debug|Any CPU.ActiveCfg = Debug|Any CPU
		{6EA122E8-B2FB-431F-BF13-5609FFEBB790}.Debug|Any CPU.Build.0 = Debug|Any CPU
		{6EA122E8-B2FB-431F-BF13-5609FFEBB790}.Debug|x64.ActiveCfg = Debug|Any CPU
		{6EA122E8-B2FB-431F-BF13-5609FFEBB790}.Debug|x64.Build.0 = Debug|Any CPU
		{6EA122E8-B2FB-431F-BF13-5609FFEBB790}.Debug|x86.ActiveCfg = Debug|Any CPU
		{6EA122E8-B2FB-431F-BF13-5609FFEBB790}.Debug|x86.Build.0 = Debug|Any CPU
		{6EA122E8-B2FB-431F-BF13-5609FFEBB790}.Release|Any CPU.ActiveCfg = Release|Any CPU
		{6EA122E8-B2FB-431F-BF13-5609FFEBB790}.Release|Any CPU.Build.0 = Release|Any CPU
		{6EA122E8-B2FB-431F-BF13-5609FFEBB790}.Release|x64.ActiveCfg = Release|Any CPU
		{6EA122E8-B2FB-431F-BF13-5609FFEBB790}.Release|x64.Build.0 = Release|Any CPU
		{6EA122E8-B2FB-431F-BF13-5609FFEBB790}.Release|x86.ActiveCfg = Release|Any CPU
		{6EA122E8-B2FB-431F-BF13-5609FFEBB790}.Release|x86.Build.0 = Release|Any CPU
		{C5837C86-C7E8-4011-AAE6-F86E682A6163}.Debug|Any CPU.ActiveCfg = Debug|Any CPU
		{C5837C86-C7E8-4011-AAE6-F86E682A6163}.Debug|Any CPU.Build.0 = Debug|Any CPU
		{C5837C86-C7E8-4011-AAE6-F86E682A6163}.Debug|x64.ActiveCfg = Debug|Any CPU
		{C5837C86-C7E8-4011-AAE6-F86E682A6163}.Debug|x64.Build.0 = Debug|Any CPU
		{C5837C86-C7E8-4011-AAE6-F86E682A6163}.Debug|x86.ActiveCfg = Debug|Any CPU
		{C5837C86-C7E8-4011-AAE6-F86E682A6163}.Debug|x86.Build.0 = Debug|Any CPU
		{C5837C86-C7E8-4011-AAE6-F86E682A6163}.Release|Any CPU.ActiveCfg = Release|Any CPU
		{C5837C86-C7E8-4011-AAE6-F86E682A6163}.Release|Any CPU.Build.0 = Release|Any CPU
		{C5837C86-C7E8-4011-AAE6-F86E682A6163}.Release|x64.ActiveCfg = Release|Any CPU
		{C5837C86-C7E8-4011-AAE6-F86E682A6163}.Release|x64.Build.0 = Release|Any CPU
		{C5837C86-C7E8-4011-AAE6-F86E682A6163}.Release|x86.ActiveCfg = Release|Any CPU
		{C5837C86-C7E8-4011-AAE6-F86E682A6163}.Release|x86.Build.0 = Release|Any CPU
		{B8E6F20E-5D9D-47DB-995D-D07C6A2D0192}.Debug|Any CPU.ActiveCfg = Debug|Any CPU
		{B8E6F20E-5D9D-47DB-995D-D07C6A2D0192}.Debug|Any CPU.Build.0 = Debug|Any CPU
		{B8E6F20E-5D9D-47DB-995D-D07C6A2D0192}.Debug|x64.ActiveCfg = Debug|Any CPU
		{B8E6F20E-5D9D-47DB-995D-D07C6A2D0192}.Debug|x64.Build.0 = Debug|Any CPU
		{B8E6F20E-5D9D-47DB-995D-D07C6A2D0192}.Debug|x86.ActiveCfg = Debug|Any CPU
		{B8E6F20E-5D9D-47DB-995D-D07C6A2D0192}.Debug|x86.Build.0 = Debug|Any CPU
		{B8E6F20E-5D9D-47DB-995D-D07C6A2D0192}.Release|Any CPU.ActiveCfg = Release|Any CPU
		{B8E6F20E-5D9D-47DB-995D-D07C6A2D0192}.Release|Any CPU.Build.0 = Release|Any CPU
		{B8E6F20E-5D9D-47DB-995D-D07C6A2D0192}.Release|x64.ActiveCfg = Release|Any CPU
		{B8E6F20E-5D9D-47DB-995D-D07C6A2D0192}.Release|x64.Build.0 = Release|Any CPU
		{B8E6F20E-5D9D-47DB-995D-D07C6A2D0192}.Release|x86.ActiveCfg = Release|Any CPU
		{B8E6F20E-5D9D-47DB-995D-D07C6A2D0192}.Release|x86.Build.0 = Release|Any CPU
	EndGlobalSection
	GlobalSection(SolutionProperties) = preSolution
		HideSolutionNode = FALSE
	EndGlobalSection
	GlobalSection(NestedProjects) = preSolution
		{C5837C86-C7E8-4011-AAE6-F86E682A6163} = {A75EC3A1-F25C-516E-9B92-B074629AD3FB}
		{B8E6F20E-5D9D-47DB-995D-D07C6A2D0192} = {BFB1D84E-CCB4-EDEE-8A0C-9848E6B7D4D1}
	EndGlobalSection
EndGlobal
