
Microsoft Visual Studio Solution File, Format Version 12.00
# Visual Studio Version 17
VisualStudioVersion = 17.0.31903.59
MinimumVisualStudioVersion = 10.0.40219.1
Project("{FAE04EC0-301F-11D3-BF4B-00C04F79EFBC}") = "UFO", "UFO\UFO.csproj", "{FC06BE35-3DB9-4CE1-91F1-5A899510E4EE}"
EndProject
Project("{FAE04EC0-301F-11D3-BF4B-00C04F79EFBC}") = "UFO.Tests", "UFO.Tests\UFO.Tests.csproj", "{33110CFA-DB03-49C3-B000-6534473D8E4A}"
EndProject
Global
	GlobalSection(SolutionConfigurationPlatforms) = preSolution
		Debug|Any CPU = Debug|Any CPU
		Debug|x64 = Debug|x64
		Debug|x86 = Debug|x86
		Release|Any CPU = Release|Any CPU
		Release|x64 = Release|x64
		Release|x86 = Release|x86
	EndGlobalSection
	GlobalSection(ProjectConfigurationPlatforms) = postSolution
		{FC06BE35-3DB9-4CE1-91F1-5A899510E4EE}.Debug|Any CPU.ActiveCfg = Debug|Any CPU
		{FC06BE35-3DB9-4CE1-91F1-5A899510E4EE}.Debug|Any CPU.Build.0 = Debug|Any CPU
		{FC06BE35-3DB9-4CE1-91F1-5A899510E4EE}.Debug|x64.ActiveCfg = Debug|Any CPU
		{FC06BE35-3DB9-4CE1-91F1-5A899510E4EE}.Debug|x64.Build.0 = Debug|Any CPU
		{FC06BE35-3DB9-4CE1-91F1-5A899510E4EE}.Debug|x86.ActiveCfg = Debug|Any CPU
		{FC06BE35-3DB9-4CE1-91F1-5A899510E4EE}.Debug|x86.Build.0 = Debug|Any CPU
		{FC06BE35-3DB9-4CE1-91F1-5A899510E4EE}.Release|Any CPU.ActiveCfg = Release|Any CPU
		{FC06BE35-3DB9-4CE1-91F1-5A899510E4EE}.Release|Any CPU.Build.0 = Release|Any CPU
		{FC06BE35-3DB9-4CE1-91F1-5A899510E4EE}.Release|x64.ActiveCfg = Release|Any CPU
		{FC06BE35-3DB9-4CE1-91F1-5A899510E4EE}.Release|x64.Build.0 = Release|Any CPU
		{FC06BE35-3DB9-4CE1-91F1-5A899510E4EE}.Release|x86.ActiveCfg = Release|Any CPU
		{FC06BE35-3DB9-4CE1-91F1-5A899510E4EE}.Release|x86.Build.0 = Release|Any CPU
		{33110CFA-DB03-49C3-B000-6534473D8E4A}.Debug|Any CPU.ActiveCfg = Debug|Any CPU
		{33110CFA-DB03-49C3-B000-6534473D8E4A}.Debug|Any CPU.Build.0 = Debug|Any CPU
		{33110CFA-DB03-49C3-B000-6534473D8E4A}.Debug|x64.ActiveCfg = Debug|Any CPU
		{33110CFA-DB03-49C3-B000-6534473D8E4A}.Debug|x64.Build.0 = Debug|Any CPU
		{33110CFA-DB03-49C3-B000-6534473D8E4A}.Debug|x86.ActiveCfg = Debug|Any CPU
		{33110CFA-DB03-49C3-B000-6534473D8E4A}.Debug|x86.Build.0 = Debug|Any CPU
		{33110CFA-DB03-49C3-B000-6534473D8E4A}.Release|Any CPU.ActiveCfg = Release|Any CPU
		{33110CFA-DB03-49C3-B000-6534473D8E4A}.Release|Any CPU.Build.0 = Release|Any CPU
		{33110CFA-DB03-49C3-B000-6534473D8E4A}.Release|x64.ActiveCfg = Release|Any CPU
		{33110CFA-DB03-49C3-B000-6534473D8E4A}.Release|x64.Build.0 = Release|Any CPU
		{33110CFA-DB03-49C3-B000-6534473D8E4A}.Release|x86.ActiveCfg = Release|Any CPU
		{33110CFA-DB03-49C3-B000-6534473D8E4A}.Release|x86.Build.0 = Release|Any CPU
	EndGlobalSection
	GlobalSection(SolutionProperties) = preSolution
		HideSolutionNode = FALSE
	EndGlobalSection
EndGlobal
